
Microsoft Visual Studio Solution File, Format Version 12.00
# Visual Studio Version 17
VisualStudioVersion = 17.0.31903.59
MinimumVisualStudioVersion = 10.0.40219.1
Project("{2150E333-8FDC-42A3-9474-1A3956D46DE8}") = "src", "src", "{67CAA117-3FE7-4A4A-AE24-253A695BC86D}"
EndProject
Project("{FAE04EC0-301F-11D3-BF4B-00C04F79EFBC}") = "bgsoftlab.console", "src\bgsoftlab.console\bgsoftlab.console.csproj", "{0288AE51-67F5-4089-B70D-76D691B7CA66}"
EndProject
Project("{2150E333-8FDC-42A3-9474-1A3956D46DE8}") = "test", "test", "{278E4421-0180-497B-99E8-973500C9C6D9}"
EndProject
Project("{FAE04EC0-301F-11D3-BF4B-00C04F79EFBC}") = "ctemplate.test.console", "test\ctemplate.test.console\ctemplate.test.console.csproj", "{CC8C3A45-EED4-42B6-81D5-0D2B6D9C9AF4}"
EndProject
Global
	GlobalSection(SolutionConfigurationPlatforms) = preSolution
		Debug|Any CPU = Debug|Any CPU
		Release|Any CPU = Release|Any CPU
	EndGlobalSection
	GlobalSection(SolutionProperties) = preSolution
		HideSolutionNode = FALSE
	EndGlobalSection
	GlobalSection(ProjectConfigurationPlatforms) = postSolution
		{0288AE51-67F5-4089-B70D-76D691B7CA66}.Debug|Any CPU.ActiveCfg = Debug|Any CPU
		{0288AE51-67F5-4089-B70D-76D691B7CA66}.Debug|Any CPU.Build.0 = Debug|Any CPU
		{0288AE51-67F5-4089-B70D-76D691B7CA66}.Release|Any CPU.ActiveCfg = Release|Any CPU
		{0288AE51-67F5-4089-B70D-76D691B7CA66}.Release|Any CPU.Build.0 = Release|Any CPU
		{CC8C3A45-EED4-42B6-81D5-0D2B6D9C9AF4}.Debug|Any CPU.ActiveCfg = Debug|Any CPU
		{CC8C3A45-EED4-42B6-81D5-0D2B6D9C9AF4}.Debug|Any CPU.Build.0 = Debug|Any CPU
		{CC8C3A45-EED4-42B6-81D5-0D2B6D9C9AF4}.Release|Any CPU.ActiveCfg = Release|Any CPU
		{CC8C3A45-EED4-42B6-81D5-0D2B6D9C9AF4}.Release|Any CPU.Build.0 = Release|Any CPU
	EndGlobalSection
	GlobalSection(NestedProjects) = preSolution
		{0288AE51-67F5-4089-B70D-76D691B7CA66} = {67CAA117-3FE7-4A4A-AE24-253A695BC86D}
		{CC8C3A45-EED4-42B6-81D5-0D2B6D9C9AF4} = {278E4421-0180-497B-99E8-973500C9C6D9}
	EndGlobalSection
EndGlobal
